
Microsoft Visual Studio Solution File, Format Version 12.00
# Visual Studio Version 17
VisualStudioVersion = 17.11.35431.28
MinimumVisualStudioVersion = 10.0.40219.1
Project("{FAE04EC0-301F-11D3-BF4B-00C04F79EFBC}") = "Wk2Ex3", "Wk2Ex3.csproj", "{06821063-F092-471E-9303-4C6CD0FFEEB3}"
EndProject
Global
	GlobalSection(SolutionConfigurationPlatforms) = preSolution
		Debug|Any CPU = Debug|Any CPU
		Release|Any CPU = Release|Any CPU
	EndGlobalSection
	GlobalSection(ProjectConfigurationPlatforms) = postSolution
		{06821063-F092-471E-9303-4C6CD0FFEEB3}.Debug|Any CPU.ActiveCfg = Debug|Any CPU
		{06821063-F092-471E-9303-4C6CD0FFEEB3}.Debug|Any CPU.Build.0 = Debug|Any CPU
		{06821063-F092-471E-9303-4C6CD0FFEEB3}.Release|Any CPU.ActiveCfg = Release|Any CPU
		{06821063-F092-471E-9303-4C6CD0FFEEB3}.Release|Any CPU.Build.0 = Release|Any CPU
	EndGlobalSection
	GlobalSection(SolutionProperties) = preSolution
		HideSolutionNode = FALSE
	EndGlobalSection
	GlobalSection(ExtensibilityGlobals) = postSolution
		SolutionGuid = {518FF614-7092-426C-89E1-D49FEF1C8635}
	EndGlobalSection
EndGlobal
